# This file is automatically @generated by Cargo.
# It is not intended for manual editing.
version = 4

[[package]]
name = "dwm-lut-config"
version = "0.1.0"

[[package]]
name = "dwm-lut-hook"
version = "0.1.0"
dependencies = [
 "dwm-lut-config",
]

[[package]]
name = "dwm-lut-injector"
version = "0.1.0"
dependencies = [
 "dwm-lut-config",
 "dwm-lut-hook",
]
